
Microsoft Visual Studio Solution File, Format Version 12.00
# Visual Studio Version 17
VisualStudioVersion = 17.9.34622.214
MinimumVisualStudioVersion = 10.0.40219.1
Project("{FAE04EC0-301F-11D3-BF4B-00C04F79EFBC}") = "assignment5", "assignment5.csproj", "{7A677890-D55E-423F-8404-2A5104A7D137}"
EndProject
Global
	GlobalSection(SolutionConfigurationPlatforms) = preSolution
		Debug|Any CPU = Debug|Any CPU
		Release|Any CPU = Release|Any CPU
	EndGlobalSection
	GlobalSection(ProjectConfigurationPlatforms) = postSolution
		{7A677890-D55E-423F-8404-2A5104A7D137}.Debug|Any CPU.ActiveCfg = Debug|Any CPU
		{7A677890-D55E-423F-8404-2A5104A7D137}.Debug|Any CPU.Build.0 = Debug|Any CPU
		{7A677890-D55E-423F-8404-2A5104A7D137}.Release|Any CPU.ActiveCfg = Release|Any CPU
		{7A677890-D55E-423F-8404-2A5104A7D137}.Release|Any CPU.Build.0 = Release|Any CPU
	EndGlobalSection
	GlobalSection(SolutionProperties) = preSolution
		HideSolutionNode = FALSE
	EndGlobalSection
	GlobalSection(ExtensibilityGlobals) = postSolution
		SolutionGuid = {F0C2D424-2FBD-48DF-8EA1-FE6E9F3B2353}
	EndGlobalSection
EndGlobal
